// !$*UTF8*$!
{
	archiveVersion = 1;
	classes = {
	};
	objectVersion = 46;
	objects = {

/* Begin PBXBuildFile section */
		83127B3319091CC500B29F16 /* XCTest.framework in Frameworks */ = {isa = PBXBuildFile; fileRef = 83A1F50218FB0C1E00144443 /* XCTest.framework */; };
		837DE60818FC2BB9009574A8 /* UIImage+HTButton.m in Sources */ = {isa = PBXBuildFile; fileRef = 837DE60718FC2BB9009574A8 /* UIImage+HTButton.m */; };
		8380AF691902CAD2008E3EEB /* Main.storyboard in Resources */ = {isa = PBXBuildFile; fileRef = 83A1F4F518FB0C1E00144443 /* Main.storyboard */; };
		83A1F4E418FB0C1E00144443 /* Foundation.framework in Frameworks */ = {isa = PBXBuildFile; fileRef = 83A1F4E318FB0C1E00144443 /* Foundation.framework */; };
		83A1F4E618FB0C1E00144443 /* CoreGraphics.framework in Frameworks */ = {isa = PBXBuildFile; fileRef = 83A1F4E518FB0C1E00144443 /* CoreGraphics.framework */; };
		83A1F4E818FB0C1E00144443 /* UIKit.framework in Frameworks */ = {isa = PBXBuildFile; fileRef = 83A1F4E718FB0C1E00144443 /* UIKit.framework */; };
		83A1F4EE18FB0C1E00144443 /* InfoPlist.strings in Resources */ = {isa = PBXBuildFile; fileRef = 83A1F4EC18FB0C1E00144443 /* InfoPlist.strings */; };
		83A1F4F018FB0C1E00144443 /* main.m in Sources */ = {isa = PBXBuildFile; fileRef = 83A1F4EF18FB0C1E00144443 /* main.m */; };
		83A1F4F418FB0C1E00144443 /* AppDelegate.m in Sources */ = {isa = PBXBuildFile; fileRef = 83A1F4F318FB0C1E00144443 /* AppDelegate.m */; };
		83A1F4FA18FB0C1E00144443 /* ViewController.m in Sources */ = {isa = PBXBuildFile; fileRef = 83A1F4F918FB0C1E00144443 /* ViewController.m */; };
		83A1F4FC18FB0C1E00144443 /* Images.xcassets in Resources */ = {isa = PBXBuildFile; fileRef = 83A1F4FB18FB0C1E00144443 /* Images.xcassets */; };
		83A1F50418FB0C1E00144443 /* Foundation.framework in Frameworks */ = {isa = PBXBuildFile; fileRef = 83A1F4E318FB0C1E00144443 /* Foundation.framework */; };
		83A1F50518FB0C1E00144443 /* UIKit.framework in Frameworks */ = {isa = PBXBuildFile; fileRef = 83A1F4E718FB0C1E00144443 /* UIKit.framework */; };
		83A1F51A18FB0C6B00144443 /* HTPressableButton.m in Sources */ = {isa = PBXBuildFile; fileRef = 83A1F51918FB0C6B00144443 /* HTPressableButton.m */; };
		9069580018FEE49B00A2F4C3 /* UIColor+HTColor.m in Sources */ = {isa = PBXBuildFile; fileRef = 906957FF18FEE49B00A2F4C3 /* UIColor+HTColor.m */; };
		90EEC3C11904295000B8B776 /* HTPressableButtonPrefs.m in Sources */ = {isa = PBXBuildFile; fileRef = 90EEC3C01904295000B8B776 /* HTPressableButtonPrefs.m */; };
/* End PBXBuildFile section */

/* Begin PBXContainerItemProxy section */
		83A1F50618FB0C1E00144443 /* PBXContainerItemProxy */ = {
			isa = PBXContainerItemProxy;
			containerPortal = 83A1F4D818FB0C1E00144443 /* Project object */;
			proxyType = 1;
			remoteGlobalIDString = 83A1F4DF18FB0C1E00144443;
			remoteInfo = NSPressableButton;
		};
/* End PBXContainerItemProxy section */

/* Begin PBXFileReference section */
		837DE60618FC2BB9009574A8 /* UIImage+HTButton.h */ = {isa = PBXFileReference; fileEncoding = 4; lastKnownFileType = sourcecode.c.h; name = "UIImage+HTButton.h"; path = "../../Classes/UIImage+HTButton.h"; sourceTree = "<group>"; };
		837DE60718FC2BB9009574A8 /* UIImage+HTButton.m */ = {isa = PBXFileReference; fileEncoding = 4; lastKnownFileType = sourcecode.c.objc; name = "UIImage+HTButton.m"; path = "../../Classes/UIImage+HTButton.m"; sourceTree = "<group>"; };
		83A1F4E018FB0C1E00144443 /* HTPressableButton.app */ = {isa = PBXFileReference; explicitFileType = wrapper.application; includeInIndex = 0; path = HTPressableButton.app; sourceTree = BUILT_PRODUCTS_DIR; };
		83A1F4E318FB0C1E00144443 /* Foundation.framework */ = {isa = PBXFileReference; lastKnownFileType = wrapper.framework; name = Foundation.framework; path = System/Library/Frameworks/Foundation.framework; sourceTree = SDKROOT; };
		83A1F4E518FB0C1E00144443 /* CoreGraphics.framework */ = {isa = PBXFileReference; lastKnownFileType = wrapper.framework; name = CoreGraphics.framework; path = System/Library/Frameworks/CoreGraphics.framework; sourceTree = SDKROOT; };
		83A1F4E718FB0C1E00144443 /* UIKit.framework */ = {isa = PBXFileReference; lastKnownFileType = wrapper.framework; name = UIKit.framework; path = System/Library/Frameworks/UIKit.framework; sourceTree = SDKROOT; };
		83A1F4EB18FB0C1E00144443 /* HTPressableButton-Info.plist */ = {isa = PBXFileReference; lastKnownFileType = text.plist.xml; path = "HTPressableButton-Info.plist"; sourceTree = "<group>"; };
		83A1F4ED18FB0C1E00144443 /* en */ = {isa = PBXFileReference; lastKnownFileType = text.plist.strings; name = en; path = en.lproj/InfoPlist.strings; sourceTree = "<group>"; };
		83A1F4EF18FB0C1E00144443 /* main.m */ = {isa = PBXFileReference; lastKnownFileType = sourcecode.c.objc; path = main.m; sourceTree = "<group>"; };
		83A1F4F118FB0C1E00144443 /* HTPressableButton-Prefix.pch */ = {isa = PBXFileReference; lastKnownFileType = sourcecode.c.h; path = "HTPressableButton-Prefix.pch"; sourceTree = "<group>"; };
		83A1F4F218FB0C1E00144443 /* AppDelegate.h */ = {isa = PBXFileReference; lastKnownFileType = sourcecode.c.h; path = AppDelegate.h; sourceTree = "<group>"; };
		83A1F4F318FB0C1E00144443 /* AppDelegate.m */ = {isa = PBXFileReference; lastKnownFileType = sourcecode.c.objc; path = AppDelegate.m; sourceTree = "<group>"; };
		83A1F4F618FB0C1E00144443 /* Base */ = {isa = PBXFileReference; lastKnownFileType = file.storyboard; name = Base; path = Base.lproj/Main.storyboard; sourceTree = "<group>"; };
		83A1F4F818FB0C1E00144443 /* ViewController.h */ = {isa = PBXFileReference; lastKnownFileType = sourcecode.c.h; path = ViewController.h; sourceTree = "<group>"; };
		83A1F4F918FB0C1E00144443 /* ViewController.m */ = {isa = PBXFileReference; lastKnownFileType = sourcecode.c.objc; path = ViewController.m; sourceTree = "<group>"; };
		83A1F4FB18FB0C1E00144443 /* Images.xcassets */ = {isa = PBXFileReference; lastKnownFileType = folder.assetcatalog; path = Images.xcassets; sourceTree = "<group>"; };
		83A1F50118FB0C1E00144443 /* HTPressableButtonTests.xctest */ = {isa = PBXFileReference; explicitFileType = wrapper.cfbundle; includeInIndex = 0; path = HTPressableButtonTests.xctest; sourceTree = BUILT_PRODUCTS_DIR; };
		83A1F50218FB0C1E00144443 /* XCTest.framework */ = {isa = PBXFileReference; lastKnownFileType = wrapper.framework; name = XCTest.framework; path = Library/Frameworks/XCTest.framework; sourceTree = DEVELOPER_DIR; };
		83A1F51818FB0C6B00144443 /* HTPressableButton.h */ = {isa = PBXFileReference; fileEncoding = 4; lastKnownFileType = sourcecode.c.h; name = HTPressableButton.h; path = ../../Classes/HTPressableButton.h; sourceTree = "<group>"; };
		83A1F51918FB0C6B00144443 /* HTPressableButton.m */ = {isa = PBXFileReference; fileEncoding = 4; lastKnownFileType = sourcecode.c.objc; name = HTPressableButton.m; path = ../../Classes/HTPressableButton.m; sourceTree = "<group>"; };
		906957FE18FEE49B00A2F4C3 /* UIColor+HTColor.h */ = {isa = PBXFileReference; fileEncoding = 4; lastKnownFileType = sourcecode.c.h; name = "UIColor+HTColor.h"; path = "../../Classes/UIColor+HTColor.h"; sourceTree = "<group>"; };
		906957FF18FEE49B00A2F4C3 /* UIColor+HTColor.m */ = {isa = PBXFileReference; fileEncoding = 4; lastKnownFileType = sourcecode.c.objc; name = "UIColor+HTColor.m"; path = "../../Classes/UIColor+HTColor.m"; sourceTree = "<group>"; };
		90EEC3BF1904295000B8B776 /* HTPressableButtonPrefs.h */ = {isa = PBXFileReference; fileEncoding = 4; lastKnownFileType = sourcecode.c.h; name = HTPressableButtonPrefs.h; path = ../../Classes/HTPressableButtonPrefs.h; sourceTree = "<group>"; };
		90EEC3C01904295000B8B776 /* HTPressableButtonPrefs.m */ = {isa = PBXFileReference; fileEncoding = 4; lastKnownFileType = sourcecode.c.objc; name = HTPressableButtonPrefs.m; path = ../../Classes/HTPressableButtonPrefs.m; sourceTree = "<group>"; };
/* End PBXFileReference section */

/* Begin PBXFrameworksBuildPhase section */
		83A1F4DD18FB0C1E00144443 /* Frameworks */ = {
			isa = PBXFrameworksBuildPhase;
			buildActionMask = 2147483647;
			files = (
				83A1F4E618FB0C1E00144443 /* CoreGraphics.framework in Frameworks */,
				83A1F4E818FB0C1E00144443 /* UIKit.framework in Frameworks */,
				83A1F4E418FB0C1E00144443 /* Foundation.framework in Frameworks */,
			);
			runOnlyForDeploymentPostprocessing = 0;
		};
		83A1F4FE18FB0C1E00144443 /* Frameworks */ = {
			isa = PBXFrameworksBuildPhase;
			buildActionMask = 2147483647;
			files = (
				83A1F50518FB0C1E00144443 /* UIKit.framework in Frameworks */,
				83127B3319091CC500B29F16 /* XCTest.framework in Frameworks */,
				83A1F50418FB0C1E00144443 /* Foundation.framework in Frameworks */,
			);
			runOnlyForDeploymentPostprocessing = 0;
		};
/* End PBXFrameworksBuildPhase section */

/* Begin PBXGroup section */
		83127B301909176800B29F16 /* Classes */ = {
			isa = PBXGroup;
			children = (
				83A1F51818FB0C6B00144443 /* HTPressableButton.h */,
				83A1F51918FB0C6B00144443 /* HTPressableButton.m */,
				837DE60618FC2BB9009574A8 /* UIImage+HTButton.h */,
				837DE60718FC2BB9009574A8 /* UIImage+HTButton.m */,
				90EEC3BF1904295000B8B776 /* HTPressableButtonPrefs.h */,
				90EEC3C01904295000B8B776 /* HTPressableButtonPrefs.m */,
				906957FE18FEE49B00A2F4C3 /* UIColor+HTColor.h */,
				906957FF18FEE49B00A2F4C3 /* UIColor+HTColor.m */,
			);
			name = Classes;
			sourceTree = "<group>";
		};
		83A1F4D718FB0C1E00144443 = {
			isa = PBXGroup;
			children = (
				83A1F4E918FB0C1E00144443 /* HTPressableButton */,
				83A1F4E218FB0C1E00144443 /* Frameworks */,
				83A1F4E118FB0C1E00144443 /* Products */,
			);
			sourceTree = "<group>";
		};
		83A1F4E118FB0C1E00144443 /* Products */ = {
			isa = PBXGroup;
			children = (
				83A1F4E018FB0C1E00144443 /* HTPressableButton.app */,
				83A1F50118FB0C1E00144443 /* HTPressableButtonTests.xctest */,
			);
			name = Products;
			sourceTree = "<group>";
		};
		83A1F4E218FB0C1E00144443 /* Frameworks */ = {
			isa = PBXGroup;
			children = (
				83A1F4E318FB0C1E00144443 /* Foundation.framework */,
				83A1F4E518FB0C1E00144443 /* CoreGraphics.framework */,
				83A1F4E718FB0C1E00144443 /* UIKit.framework */,
				83A1F50218FB0C1E00144443 /* XCTest.framework */,
			);
			name = Frameworks;
			sourceTree = "<group>";
		};
		83A1F4E918FB0C1E00144443 /* HTPressableButton */ = {
			isa = PBXGroup;
			children = (
				83A1F4F218FB0C1E00144443 /* AppDelegate.h */,
				83A1F4F318FB0C1E00144443 /* AppDelegate.m */,
				83A1F4F518FB0C1E00144443 /* Main.storyboard */,
				83A1F4F818FB0C1E00144443 /* ViewController.h */,
				83A1F4F918FB0C1E00144443 /* ViewController.m */,
				83127B301909176800B29F16 /* Classes */,
				83A1F4FB18FB0C1E00144443 /* Images.xcassets */,
				83A1F4EA18FB0C1E00144443 /* Supporting Files */,
			);
			path = HTPressableButton;
			sourceTree = "<group>";
		};
		83A1F4EA18FB0C1E00144443 /* Supporting Files */ = {
			isa = PBXGroup;
			children = (
				83A1F4EB18FB0C1E00144443 /* HTPressableButton-Info.plist */,
				83A1F4EC18FB0C1E00144443 /* InfoPlist.strings */,
				83A1F4EF18FB0C1E00144443 /* main.m */,
				83A1F4F118FB0C1E00144443 /* HTPressableButton-Prefix.pch */,
			);
			name = "Supporting Files";
			sourceTree = "<group>";
		};
/* End PBXGroup section */

/* Begin PBXNativeTarget section */
		83A1F4DF18FB0C1E00144443 /* HTPressableButton */ = {
			isa = PBXNativeTarget;
			buildConfigurationList = 83A1F51218FB0C1E00144443 /* Build configuration list for PBXNativeTarget "HTPressableButton" */;
			buildPhases = (
				83A1F4DC18FB0C1E00144443 /* Sources */,
				83A1F4DD18FB0C1E00144443 /* Frameworks */,
				83A1F4DE18FB0C1E00144443 /* Resources */,
			);
			buildRules = (
			);
			dependencies = (
			);
			name = HTPressableButton;
			productName = NSPressableButton;
			productReference = 83A1F4E018FB0C1E00144443 /* HTPressableButton.app */;
			productType = "com.apple.product-type.application";
		};
		83A1F50018FB0C1E00144443 /* HTPressableButtonTests */ = {
			isa = PBXNativeTarget;
			buildConfigurationList = 83A1F51518FB0C1E00144443 /* Build configuration list for PBXNativeTarget "HTPressableButtonTests" */;
			buildPhases = (
				83A1F4FD18FB0C1E00144443 /* Sources */,
				83A1F4FE18FB0C1E00144443 /* Frameworks */,
				83A1F4FF18FB0C1E00144443 /* Resources */,
			);
			buildRules = (
			);
			dependencies = (
				83A1F50718FB0C1E00144443 /* PBXTargetDependency */,
			);
			name = HTPressableButtonTests;
			productName = NSPressableButtonTests;
			productReference = 83A1F50118FB0C1E00144443 /* HTPressableButtonTests.xctest */;
			productType = "com.apple.product-type.bundle.unit-test";
		};
/* End PBXNativeTarget section */

/* Begin PBXProject section */
		83A1F4D818FB0C1E00144443 /* Project object */ = {
			isa = PBXProject;
			attributes = {
				LastUpgradeCheck = 0510;
				ORGANIZATIONNAME = "He Rin Kim & Thanakron Tandavas";
				TargetAttributes = {
					83A1F50018FB0C1E00144443 = {
						TestTargetID = 83A1F4DF18FB0C1E00144443;
					};
				};
			};
			buildConfigurationList = 83A1F4DB18FB0C1E00144443 /* Build configuration list for PBXProject "HTPressableButton" */;
			compatibilityVersion = "Xcode 3.2";
			developmentRegion = English;
			hasScannedForEncodings = 0;
			knownRegions = (
				en,
				Base,
			);
			mainGroup = 83A1F4D718FB0C1E00144443;
			productRefGroup = 83A1F4E118FB0C1E00144443 /* Products */;
			projectDirPath = "";
			projectRoot = "";
			targets = (
				83A1F4DF18FB0C1E00144443 /* HTPressableButton */,
				83A1F50018FB0C1E00144443 /* HTPressableButtonTests */,
			);
		};
/* End PBXProject section */

/* Begin PBXResourcesBuildPhase section */
		83A1F4DE18FB0C1E00144443 /* Resources */ = {
			isa = PBXResourcesBuildPhase;
			buildActionMask = 2147483647;
			files = (
				8380AF691902CAD2008E3EEB /* Main.storyboard in Resources */,
				83A1F4FC18FB0C1E00144443 /* Images.xcassets in Resources */,
				83A1F4EE18FB0C1E00144443 /* InfoPlist.strings in Resources */,
			);
			runOnlyForDeploymentPostprocessing = 0;
		};
		83A1F4FF18FB0C1E00144443 /* Resources */ = {
			isa = PBXResourcesBuildPhase;
			buildActionMask = 2147483647;
			files = (
			);
			runOnlyForDeploymentPostprocessing = 0;
		};
/* End PBXResourcesBuildPhase section */

/* Begin PBXSourcesBuildPhase section */
		83A1F4DC18FB0C1E00144443 /* Sources */ = {
			isa = PBXSourcesBuildPhase;
			buildActionMask = 2147483647;
			files = (
				83A1F51A18FB0C6B00144443 /* HTPressableButton.m in Sources */,
				83A1F4FA18FB0C1E00144443 /* ViewController.m in Sources */,
				837DE60818FC2BB9009574A8 /* UIImage+HTButton.m in Sources */,
				83A1F4F418FB0C1E00144443 /* AppDelegate.m in Sources */,
				9069580018FEE49B00A2F4C3 /* UIColor+HTColor.m in Sources */,
				90EEC3C11904295000B8B776 /* HTPressableButtonPrefs.m in Sources */,
				83A1F4F018FB0C1E00144443 /* main.m in Sources */,
			);
			runOnlyForDeploymentPostprocessing = 0;
		};
		83A1F4FD18FB0C1E00144443 /* Sources */ = {
			isa = PBXSourcesBuildPhase;
			buildActionMask = 2147483647;
			files = (
			);
			runOnlyForDeploymentPostprocessing = 0;
		};
/* End PBXSourcesBuildPhase section */

/* Begin PBXTargetDependency section */
		83A1F50718FB0C1E00144443 /* PBXTargetDependency */ = {
			isa = PBXTargetDependency;
			target = 83A1F4DF18FB0C1E00144443 /* HTPressableButton */;
			targetProxy = 83A1F50618FB0C1E00144443 /* PBXContainerItemProxy */;
		};
/* End PBXTargetDependency section */

/* Begin PBXVariantGroup section */
		83A1F4EC18FB0C1E00144443 /* InfoPlist.strings */ = {
			isa = PBXVariantGroup;
			children = (
				83A1F4ED18FB0C1E00144443 /* en */,
			);
			name = InfoPlist.strings;
			sourceTree = "<group>";
		};
		83A1F4F518FB0C1E00144443 /* Main.storyboard */ = {
			isa = PBXVariantGroup;
			children = (
				83A1F4F618FB0C1E00144443 /* Base */,
			);
			name = Main.storyboard;
			sourceTree = "<group>";
		};
/* End PBXVariantGroup section */

/* Begin XCBuildConfiguration section */
		83A1F51018FB0C1E00144443 /* Debug */ = {
			isa = XCBuildConfiguration;
			buildSettings = {
				ALWAYS_SEARCH_USER_PATHS = NO;
				CLANG_CXX_LANGUAGE_STANDARD = "gnu++0x";
				CLANG_CXX_LIBRARY = "libc++";
				CLANG_ENABLE_MODULES = YES;
				CLANG_ENABLE_OBJC_ARC = YES;
				CLANG_WARN_BOOL_CONVERSION = YES;
				CLANG_WARN_CONSTANT_CONVERSION = YES;
				CLANG_WARN_DIRECT_OBJC_ISA_USAGE = YES_ERROR;
				CLANG_WARN_EMPTY_BODY = YES;
				CLANG_WARN_ENUM_CONVERSION = YES;
				CLANG_WARN_INT_CONVERSION = YES;
				CLANG_WARN_OBJC_ROOT_CLASS = YES_ERROR;
				CLANG_WARN__DUPLICATE_METHOD_MATCH = YES;
				"CODE_SIGN_IDENTITY[sdk=iphoneos*]" = "iPhone Developer";
				COPY_PHASE_STRIP = NO;
				GCC_C_LANGUAGE_STANDARD = gnu99;
				GCC_DYNAMIC_NO_PIC = NO;
				GCC_OPTIMIZATION_LEVEL = 0;
				GCC_PREPROCESSOR_DEFINITIONS = (
					"DEBUG=1",
					"$(inherited)",
				);
				GCC_SYMBOLS_PRIVATE_EXTERN = NO;
				GCC_WARN_64_TO_32_BIT_CONVERSION = YES;
				GCC_WARN_ABOUT_RETURN_TYPE = YES_ERROR;
				GCC_WARN_UNDECLARED_SELECTOR = YES;
				GCC_WARN_UNINITIALIZED_AUTOS = YES_AGGRESSIVE;
				GCC_WARN_UNUSED_FUNCTION = YES;
				GCC_WARN_UNUSED_VARIABLE = YES;
				IPHONEOS_DEPLOYMENT_TARGET = 6.0;
				ONLY_ACTIVE_ARCH = YES;
				SDKROOT = iphoneos;
			};
			name = Debug;
		};
		83A1F51118FB0C1E00144443 /* Release */ = {
			isa = XCBuildConfiguration;
			buildSettings = {
				ALWAYS_SEARCH_USER_PATHS = NO;
				CLANG_CXX_LANGUAGE_STANDARD = "gnu++0x";
				CLANG_CXX_LIBRARY = "libc++";
				CLANG_ENABLE_MODULES = YES;
				CLANG_ENABLE_OBJC_ARC = YES;
				CLANG_WARN_BOOL_CONVERSION = YES;
				CLANG_WARN_CONSTANT_CONVERSION = YES;
				CLANG_WARN_DIRECT_OBJC_ISA_USAGE = YES_ERROR;
				CLANG_WARN_EMPTY_BODY = YES;
				CLANG_WARN_ENUM_CONVERSION = YES;
				CLANG_WARN_INT_CONVERSION = YES;
				CLANG_WARN_OBJC_ROOT_CLASS = YES_ERROR;
				CLANG_WARN__DUPLICATE_METHOD_MATCH = YES;
				"CODE_SIGN_IDENTITY[sdk=iphoneos*]" = "iPhone Developer";
				COPY_PHASE_STRIP = YES;
				ENABLE_NS_ASSERTIONS = NO;
				GCC_C_LANGUAGE_STANDARD = gnu99;
				GCC_WARN_64_TO_32_BIT_CONVERSION = YES;
				GCC_WARN_ABOUT_RETURN_TYPE = YES_ERROR;
				GCC_WARN_UNDECLARED_SELECTOR = YES;
				GCC_WARN_UNINITIALIZED_AUTOS = YES_AGGRESSIVE;
				GCC_WARN_UNUSED_FUNCTION = YES;
				GCC_WARN_UNUSED_VARIABLE = YES;
				IPHONEOS_DEPLOYMENT_TARGET = 6.0;
				SDKROOT = iphoneos;
				VALIDATE_PRODUCT = YES;
			};
			name = Release;
		};
		83A1F51318FB0C1E00144443 /* Debug */ = {
			isa = XCBuildConfiguration;
			buildSettings = {
				ASSETCATALOG_COMPILER_APPICON_NAME = AppIcon;
				ASSETCATALOG_COMPILER_LAUNCHIMAGE_NAME = LaunchImage;
				GCC_PRECOMPILE_PREFIX_HEADER = YES;
				GCC_PREFIX_HEADER = "HTPressableButton/HTPressableButton-Prefix.pch";
				INFOPLIST_FILE = "HTPressableButton/HTPressableButton-Info.plist";
				IPHONEOS_DEPLOYMENT_TARGET = 6.0;
				PRODUCT_NAME = HTPressableButton;
				WRAPPER_EXTENSION = app;
			};
			name = Debug;
		};
		83A1F51418FB0C1E00144443 /* Release */ = {
			isa = XCBuildConfiguration;
			buildSettings = {
				ASSETCATALOG_COMPILER_APPICON_NAME = AppIcon;
				ASSETCATALOG_COMPILER_LAUNCHIMAGE_NAME = LaunchImage;
				GCC_PRECOMPILE_PREFIX_HEADER = YES;
				GCC_PREFIX_HEADER = "HTPressableButton/HTPressableButton-Prefix.pch";
				INFOPLIST_FILE = "HTPressableButton/HTPressableButton-Info.plist";
				IPHONEOS_DEPLOYMENT_TARGET = 6.0;
				PRODUCT_NAME = HTPressableButton;
				WRAPPER_EXTENSION = app;
			};
			name = Release;
		};
		83A1F51618FB0C1E00144443 /* Debug */ = {
			isa = XCBuildConfiguration;
			buildSettings = {
				BUNDLE_LOADER = "$(BUILT_PRODUCTS_DIR)/NSPressableButton.app/NSPressableButton";
				FRAMEWORK_SEARCH_PATHS = (
					"$(SDKROOT)/Developer/Library/Frameworks",
					"$(inherited)",
					"$(DEVELOPER_FRAMEWORKS_DIR)",
				);
				GCC_PRECOMPILE_PREFIX_HEADER = YES;
				GCC_PREFIX_HEADER = "NSPressableButton/NSPressableButton-Prefix.pch";
				GCC_PREPROCESSOR_DEFINITIONS = (
					"DEBUG=1",
					"$(inherited)",
				);
				INFOPLIST_FILE = "NSPressableButtonTests/HTPressableButtonTests-Info.plist";
				PRODUCT_NAME = HTPressableButtonTests;
				TEST_HOST = "$(BUNDLE_LOADER)";
				WRAPPER_EXTENSION = xctest;
			};
			name = Debug;
		};
		83A1F51718FB0C1E00144443 /* Release */ = {
			isa = XCBuildConfiguration;
			buildSettings = {
				BUNDLE_LOADER = "$(BUILT_PRODUCTS_DIR)/NSPressableButton.app/NSPressableButton";
				FRAMEWORK_SEARCH_PATHS = (
					"$(SDKROOT)/Developer/Library/Frameworks",
					"$(inherited)",
					"$(DEVELOPER_FRAMEWORKS_DIR)",
				);
				GCC_PRECOMPILE_PREFIX_HEADER = YES;
				GCC_PREFIX_HEADER = "NSPressableButton/NSPressableButton-Prefix.pch";
				INFOPLIST_FILE = "NSPressableButtonTests/HTPressableButtonTests-Info.plist";
				PRODUCT_NAME = HTPressableButtonTests;
				TEST_HOST = "$(BUNDLE_LOADER)";
				WRAPPER_EXTENSION = xctest;
			};
			name = Release;
		};
/* End XCBuildConfiguration section */

/* Begin XCConfigurationList section */
		83A1F4DB18FB0C1E00144443 /* Build configuration list for PBXProject "HTPressableButton" */ = {
			isa = XCConfigurationList;
			buildConfigurations = (
				83A1F51018FB0C1E00144443 /* Debug */,
				83A1F51118FB0C1E00144443 /* Release */,
			);
			defaultConfigurationIsVisible = 0;
			defaultConfigurationName = Release;
		};
		83A1F51218FB0C1E00144443 /* Build configuration list for PBXNativeTarget "HTPressableButton" */ = {
			isa = XCConfigurationList;
			buildConfigurations = (
				83A1F51318FB0C1E00144443 /* Debug */,
				83A1F51418FB0C1E00144443 /* Release */,
			);
			defaultConfigurationIsVisible = 0;
			defaultConfigurationName = Release;
		};
		83A1F51518FB0C1E00144443 /* Build configuration list for PBXNativeTarget "HTPressableButtonTests" */ = {
			isa = XCConfigurationList;
			buildConfigurations = (
				83A1F51618FB0C1E00144443 /* Debug */,
				83A1F51718FB0C1E00144443 /* Release */,
			);
			defaultConfigurationIsVisible = 0;
			defaultConfigurationName = Release;
		};
/* End XCConfigurationList section */
	};
	rootObject = 83A1F4D818FB0C1E00144443 /* Project object */;
}
